{
  "requires": true,
  "lockfileVersion": 1,
  "dependencies": {
    "extenso": {
      "version": "2.0.1",
      "resolved": "https://registry.npmjs.org/extenso/-/extenso-2.0.1.tgz",
      "integrity": "sha512-EXaNgWmE9UHqXCa65Fgj4bNArSxBsJh80QWJPscViClk3ch/WlNfB3otKwIid2gfXdEqJ1Hfyl5/+aKSH/Y1Pw=="
    }
  }
}
